
Microsoft Visual Studio Solution File, Format Version 12.00
# Visual Studio Version 17
VisualStudioVersion = 17.1.32319.34
MinimumVisualStudioVersion = 10.0.40219.1
Project("{FAE04EC0-301F-11D3-BF4B-00C04F79EFBC}") = "FL", "FL\FL.csproj", "{BAD97EBB-9936-400F-9E1A-4F5AADBBCFAB}"
EndProject
Global
	GlobalSection(SolutionConfigurationPlatforms) = preSolution
		Debug|Any CPU = Debug|Any CPU
		Release|Any CPU = Release|Any CPU
	EndGlobalSection
	GlobalSection(ProjectConfigurationPlatforms) = postSolution
		{BAD97EBB-9936-400F-9E1A-4F5AADBBCFAB}.Debug|Any CPU.ActiveCfg = Debug|Any CPU
		{BAD97EBB-9936-400F-9E1A-4F5AADBBCFAB}.Debug|Any CPU.Build.0 = Debug|Any CPU
		{BAD97EBB-9936-400F-9E1A-4F5AADBBCFAB}.Release|Any CPU.ActiveCfg = Release|Any CPU
		{BAD97EBB-9936-400F-9E1A-4F5AADBBCFAB}.Release|Any CPU.Build.0 = Release|Any CPU
	EndGlobalSection
	GlobalSection(SolutionProperties) = preSolution
		HideSolutionNode = FALSE
	EndGlobalSection
	GlobalSection(ExtensibilityGlobals) = postSolution
		SolutionGuid = {F9DFE478-CFB9-4BFE-9971-28AC2A69EE1C}
	EndGlobalSection
EndGlobal
